
Microsoft Visual Studio Solution File, Format Version 12.00
# Visual Studio Version 17
VisualStudioVersion = 17.4.33205.214
MinimumVisualStudioVersion = 10.0.40219.1
Project("{9A19103F-16F7-4668-BE54-9A1E7A4F7556}") = "ContactsApp.View", "ContactsApp.View\ContactsApp.View.csproj", "{63C5C612-F4C9-4537-A589-58E9F9C6F61D}"
EndProject
Project("{9A19103F-16F7-4668-BE54-9A1E7A4F7556}") = "ContactsApp.Model", "ContactsApp.Model\ContactsApp.Model.csproj", "{D7A0F297-1B35-4ACD-BA67-DFA87DF1005D}"
EndProject
Project("{2150E333-8FDC-42A3-9474-1A3956D46DE8}") = "testing", "testing", "{E2F5EB0D-DC99-48DB-930C-DD8DA2310474}"
EndProject
Project("{9A19103F-16F7-4668-BE54-9A1E7A4F7556}") = "Contact.App.Unit.Tests", "Contact.App.Unit.Tests\Contact.App.Unit.Tests.csproj", "{7569F855-ADBD-4B9A-92D4-EAB4CA22196A}"
EndProject
Global
	GlobalSection(SolutionConfigurationPlatforms) = preSolution
		Debug|Any CPU = Debug|Any CPU
		Release|Any CPU = Release|Any CPU
	EndGlobalSection
	GlobalSection(ProjectConfigurationPlatforms) = postSolution
		{63C5C612-F4C9-4537-A589-58E9F9C6F61D}.Debug|Any CPU.ActiveCfg = Debug|Any CPU
		{63C5C612-F4C9-4537-A589-58E9F9C6F61D}.Debug|Any CPU.Build.0 = Debug|Any CPU
		{63C5C612-F4C9-4537-A589-58E9F9C6F61D}.Release|Any CPU.ActiveCfg = Release|Any CPU
		{63C5C612-F4C9-4537-A589-58E9F9C6F61D}.Release|Any CPU.Build.0 = Release|Any CPU
		{D7A0F297-1B35-4ACD-BA67-DFA87DF1005D}.Debug|Any CPU.ActiveCfg = Debug|Any CPU
		{D7A0F297-1B35-4ACD-BA67-DFA87DF1005D}.Debug|Any CPU.Build.0 = Debug|Any CPU
		{D7A0F297-1B35-4ACD-BA67-DFA87DF1005D}.Release|Any CPU.ActiveCfg = Release|Any CPU
		{D7A0F297-1B35-4ACD-BA67-DFA87DF1005D}.Release|Any CPU.Build.0 = Release|Any CPU
		{7569F855-ADBD-4B9A-92D4-EAB4CA22196A}.Debug|Any CPU.ActiveCfg = Debug|Any CPU
		{7569F855-ADBD-4B9A-92D4-EAB4CA22196A}.Debug|Any CPU.Build.0 = Debug|Any CPU
		{7569F855-ADBD-4B9A-92D4-EAB4CA22196A}.Release|Any CPU.ActiveCfg = Release|Any CPU
		{7569F855-ADBD-4B9A-92D4-EAB4CA22196A}.Release|Any CPU.Build.0 = Release|Any CPU
	EndGlobalSection
	GlobalSection(SolutionProperties) = preSolution
		HideSolutionNode = FALSE
	EndGlobalSection
	GlobalSection(NestedProjects) = preSolution
		{7569F855-ADBD-4B9A-92D4-EAB4CA22196A} = {E2F5EB0D-DC99-48DB-930C-DD8DA2310474}
	EndGlobalSection
	GlobalSection(ExtensibilityGlobals) = postSolution
		SolutionGuid = {4F9079CE-B015-4ABE-AC96-42ED3A0DD50D}
	EndGlobalSection
EndGlobal
